
Microsoft Visual Studio Solution File, Format Version 12.00
# Visual Studio Version 17
VisualStudioVersion = 17.0.31903.59
MinimumVisualStudioVersion = 10.0.40219.1
Project("{FAE04EC0-301F-11D3-BF4B-00C04F79EFBC}") = "API", "API\API.csproj", "{94419CE5-8DA5-49C7-A11A-8EE11F06770A}"
EndProject
Project("{FAE04EC0-301F-11D3-BF4B-00C04F79EFBC}") = "Models", "Models\Models.csproj", "{D0F4C021-2D32-4188-8F8E-917DEDFF8C7F}"
EndProject
Project("{FAE04EC0-301F-11D3-BF4B-00C04F79EFBC}") = "Data", "Data\Data.csproj", "{8CB079B4-9E2D-407C-BF86-D9D4AC290D46}"
EndProject
Global
	GlobalSection(SolutionConfigurationPlatforms) = preSolution
		Debug|Any CPU = Debug|Any CPU
		Release|Any CPU = Release|Any CPU
	EndGlobalSection
	GlobalSection(SolutionProperties) = preSolution
		HideSolutionNode = FALSE
	EndGlobalSection
	GlobalSection(ProjectConfigurationPlatforms) = postSolution
		{94419CE5-8DA5-49C7-A11A-8EE11F06770A}.Debug|Any CPU.ActiveCfg = Debug|Any CPU
		{94419CE5-8DA5-49C7-A11A-8EE11F06770A}.Debug|Any CPU.Build.0 = Debug|Any CPU
		{94419CE5-8DA5-49C7-A11A-8EE11F06770A}.Release|Any CPU.ActiveCfg = Release|Any CPU
		{94419CE5-8DA5-49C7-A11A-8EE11F06770A}.Release|Any CPU.Build.0 = Release|Any CPU
		{D0F4C021-2D32-4188-8F8E-917DEDFF8C7F}.Debug|Any CPU.ActiveCfg = Debug|Any CPU
		{D0F4C021-2D32-4188-8F8E-917DEDFF8C7F}.Debug|Any CPU.Build.0 = Debug|Any CPU
		{D0F4C021-2D32-4188-8F8E-917DEDFF8C7F}.Release|Any CPU.ActiveCfg = Release|Any CPU
		{D0F4C021-2D32-4188-8F8E-917DEDFF8C7F}.Release|Any CPU.Build.0 = Release|Any CPU
		{8CB079B4-9E2D-407C-BF86-D9D4AC290D46}.Debug|Any CPU.ActiveCfg = Debug|Any CPU
		{8CB079B4-9E2D-407C-BF86-D9D4AC290D46}.Debug|Any CPU.Build.0 = Debug|Any CPU
		{8CB079B4-9E2D-407C-BF86-D9D4AC290D46}.Release|Any CPU.ActiveCfg = Release|Any CPU
		{8CB079B4-9E2D-407C-BF86-D9D4AC290D46}.Release|Any CPU.Build.0 = Release|Any CPU
	EndGlobalSection
EndGlobal
